// !$*UTF8*$!
{
	archiveVersion = 1;
	classes = {
	};
	objectVersion = 56;
	objects = {

/* Begin PBXBuildFile section */
		3EB4B2782C3FFCCA00A40144 /* WeatherError.swift in Sources */ = {isa = PBXBuildFile; fileRef = 3EB4B2772C3FFCCA00A40144 /* WeatherError.swift */; };
		3EBC82632C3EBC5600BAADC8 /* AppDelegate.swift in Sources */ = {isa = PBXBuildFile; fileRef = 3EBC82622C3EBC5600BAADC8 /* AppDelegate.swift */; };
		3EBC82652C3EBC5600BAADC8 /* SceneDelegate.swift in Sources */ = {isa = PBXBuildFile; fileRef = 3EBC82642C3EBC5600BAADC8 /* SceneDelegate.swift */; };
		3EBC82672C3EBC5600BAADC8 /* WeatherViewController.swift in Sources */ = {isa = PBXBuildFile; fileRef = 3EBC82662C3EBC5600BAADC8 /* WeatherViewController.swift */; };
		3EBC826C2C3EBC5800BAADC8 /* Assets.xcassets in Resources */ = {isa = PBXBuildFile; fileRef = 3EBC826B2C3EBC5800BAADC8 /* Assets.xcassets */; };
		3EBC826F2C3EBC5800BAADC8 /* Base in Resources */ = {isa = PBXBuildFile; fileRef = 3EBC826E2C3EBC5800BAADC8 /* Base */; };
		3EBC827A2C3EC0BE00BAADC8 /* WeatherView.swift in Sources */ = {isa = PBXBuildFile; fileRef = 3EBC82792C3EC0BE00BAADC8 /* WeatherView.swift */; };
		3EBC827C2C3F14C000BAADC8 /* Constants.swift in Sources */ = {isa = PBXBuildFile; fileRef = 3EBC827B2C3F14C000BAADC8 /* Constants.swift */; };
		3EBC82802C3F153C00BAADC8 /* Weather.swift in Sources */ = {isa = PBXBuildFile; fileRef = 3EBC827F2C3F153C00BAADC8 /* Weather.swift */; };
		3EBC82822C3F157600BAADC8 /* Forecast.swift in Sources */ = {isa = PBXBuildFile; fileRef = 3EBC82812C3F157600BAADC8 /* Forecast.swift */; };
		3EBC82842C3F160100BAADC8 /* WeatherResponse.swift in Sources */ = {isa = PBXBuildFile; fileRef = 3EBC82832C3F160100BAADC8 /* WeatherResponse.swift */; };
		3EBC82862C3F16C000BAADC8 /* ForecastResponse.swift in Sources */ = {isa = PBXBuildFile; fileRef = 3EBC82852C3F16C000BAADC8 /* ForecastResponse.swift */; };
		3EBC82882C3F17ED00BAADC8 /* ForecastTableViewCell.swift in Sources */ = {isa = PBXBuildFile; fileRef = 3EBC82872C3F17ED00BAADC8 /* ForecastTableViewCell.swift */; };
		3EBC828B2C3F232700BAADC8 /* WeatherService.swift in Sources */ = {isa = PBXBuildFile; fileRef = 3EBC828A2C3F232700BAADC8 /* WeatherService.swift */; };
		3EF963322C406423001A6B69 /* CelsiusToFarenheit+Util.swift in Sources */ = {isa = PBXBuildFile; fileRef = 3EF963312C406423001A6B69 /* CelsiusToFarenheit+Util.swift */; };
		3EF963412C406A31001A6B69 /* TemperatureConversionTests.swift in Sources */ = {isa = PBXBuildFile; fileRef = 3EF963402C406A31001A6B69 /* TemperatureConversionTests.swift */; };
/* End PBXBuildFile section */

/* Begin PBXContainerItemProxy section */
		3EF9633B2C4068E5001A6B69 /* PBXContainerItemProxy */ = {
			isa = PBXContainerItemProxy;
			containerPortal = 3EBC82572C3EBC5600BAADC8 /* Project object */;
			proxyType = 1;
			remoteGlobalIDString = 3EBC825E2C3EBC5600BAADC8;
			remoteInfo = SkyCastApp;
		};
/* End PBXContainerItemProxy section */

/* Begin PBXFileReference section */
		3EB4B2772C3FFCCA00A40144 /* WeatherError.swift */ = {isa = PBXFileReference; lastKnownFileType = sourcecode.swift; path = WeatherError.swift; sourceTree = "<group>"; };
		3EBC825F2C3EBC5600BAADC8 /* SkyCastApp.app */ = {isa = PBXFileReference; explicitFileType = wrapper.application; includeInIndex = 0; path = SkyCastApp.app; sourceTree = BUILT_PRODUCTS_DIR; };
		3EBC82622C3EBC5600BAADC8 /* AppDelegate.swift */ = {isa = PBXFileReference; lastKnownFileType = sourcecode.swift; path = AppDelegate.swift; sourceTree = "<group>"; };
		3EBC82642C3EBC5600BAADC8 /* SceneDelegate.swift */ = {isa = PBXFileReference; lastKnownFileType = sourcecode.swift; path = SceneDelegate.swift; sourceTree = "<group>"; };
		3EBC82662C3EBC5600BAADC8 /* WeatherViewController.swift */ = {isa = PBXFileReference; lastKnownFileType = sourcecode.swift; path = WeatherViewController.swift; sourceTree = "<group>"; };
		3EBC826B2C3EBC5800BAADC8 /* Assets.xcassets */ = {isa = PBXFileReference; lastKnownFileType = folder.assetcatalog; path = Assets.xcassets; sourceTree = "<group>"; };
		3EBC826E2C3EBC5800BAADC8 /* Base */ = {isa = PBXFileReference; lastKnownFileType = file.storyboard; name = Base; path = Base.lproj/LaunchScreen.storyboard; sourceTree = "<group>"; };
		3EBC82702C3EBC5800BAADC8 /* Info.plist */ = {isa = PBXFileReference; lastKnownFileType = text.plist.xml; path = Info.plist; sourceTree = "<group>"; };
		3EBC82792C3EC0BE00BAADC8 /* WeatherView.swift */ = {isa = PBXFileReference; lastKnownFileType = sourcecode.swift; path = WeatherView.swift; sourceTree = "<group>"; };
		3EBC827B2C3F14C000BAADC8 /* Constants.swift */ = {isa = PBXFileReference; lastKnownFileType = sourcecode.swift; path = Constants.swift; sourceTree = "<group>"; };
		3EBC827F2C3F153C00BAADC8 /* Weather.swift */ = {isa = PBXFileReference; lastKnownFileType = sourcecode.swift; path = Weather.swift; sourceTree = "<group>"; };
		3EBC82812C3F157600BAADC8 /* Forecast.swift */ = {isa = PBXFileReference; lastKnownFileType = sourcecode.swift; path = Forecast.swift; sourceTree = "<group>"; };
		3EBC82832C3F160100BAADC8 /* WeatherResponse.swift */ = {isa = PBXFileReference; lastKnownFileType = sourcecode.swift; path = WeatherResponse.swift; sourceTree = "<group>"; };
		3EBC82852C3F16C000BAADC8 /* ForecastResponse.swift */ = {isa = PBXFileReference; lastKnownFileType = sourcecode.swift; path = ForecastResponse.swift; sourceTree = "<group>"; };
		3EBC82872C3F17ED00BAADC8 /* ForecastTableViewCell.swift */ = {isa = PBXFileReference; lastKnownFileType = sourcecode.swift; path = ForecastTableViewCell.swift; sourceTree = "<group>"; };
		3EBC828A2C3F232700BAADC8 /* WeatherService.swift */ = {isa = PBXFileReference; lastKnownFileType = sourcecode.swift; path = WeatherService.swift; sourceTree = "<group>"; };
		3EF963312C406423001A6B69 /* CelsiusToFarenheit+Util.swift */ = {isa = PBXFileReference; lastKnownFileType = sourcecode.swift; path = "CelsiusToFarenheit+Util.swift"; sourceTree = "<group>"; };
		3EF963372C4068E5001A6B69 /* SkyCastAppTests.xctest */ = {isa = PBXFileReference; explicitFileType = wrapper.cfbundle; includeInIndex = 0; path = SkyCastAppTests.xctest; sourceTree = BUILT_PRODUCTS_DIR; };
		3EF963402C406A31001A6B69 /* TemperatureConversionTests.swift */ = {isa = PBXFileReference; lastKnownFileType = sourcecode.swift; path = TemperatureConversionTests.swift; sourceTree = "<group>"; };
/* End PBXFileReference section */

/* Begin PBXFrameworksBuildPhase section */
		3EBC825C2C3EBC5600BAADC8 /* Frameworks */ = {
			isa = PBXFrameworksBuildPhase;
			buildActionMask = 2147483647;
			files = (
			);
			runOnlyForDeploymentPostprocessing = 0;
		};
		3EF963342C4068E5001A6B69 /* Frameworks */ = {
			isa = PBXFrameworksBuildPhase;
			buildActionMask = 2147483647;
			files = (
			);
			runOnlyForDeploymentPostprocessing = 0;
		};
/* End PBXFrameworksBuildPhase section */

/* Begin PBXGroup section */
		3EB4B2762C3FFCAF00A40144 /* CustomError */ = {
			isa = PBXGroup;
			children = (
				3EB4B2772C3FFCCA00A40144 /* WeatherError.swift */,
			);
			name = CustomError;
			sourceTree = "<group>";
		};
		3EBC82562C3EBC5600BAADC8 = {
			isa = PBXGroup;
			children = (
				3EBC82612C3EBC5600BAADC8 /* SkyCastApp */,
				3EF963382C4068E5001A6B69 /* SkyCastAppTests */,
				3EBC82602C3EBC5600BAADC8 /* Products */,
			);
			sourceTree = "<group>";
		};
		3EBC82602C3EBC5600BAADC8 /* Products */ = {
			isa = PBXGroup;
			children = (
				3EBC825F2C3EBC5600BAADC8 /* SkyCastApp.app */,
				3EF963372C4068E5001A6B69 /* SkyCastAppTests.xctest */,
			);
			name = Products;
			sourceTree = "<group>";
		};
		3EBC82612C3EBC5600BAADC8 /* SkyCastApp */ = {
			isa = PBXGroup;
			children = (
				3EF963302C4063AA001A6B69 /* Utilities */,
				3EB4B2762C3FFCAF00A40144 /* CustomError */,
				3EBC82892C3F22EE00BAADC8 /* API */,
				3EBC827E2C3F152D00BAADC8 /* Model */,
				3EBC82782C3EC0A600BAADC8 /* Views */,
				3EBC82772C3EBD4C00BAADC8 /* Controllers */,
				3EBC82662C3EBC5600BAADC8 /* WeatherViewController.swift */,
				3EBC82762C3EBC9400BAADC8 /* Files */,
				3EBC82622C3EBC5600BAADC8 /* AppDelegate.swift */,
				3EBC827D2C3F14C900BAADC8 /* Constants */,
			);
			path = SkyCastApp;
			sourceTree = "<group>";
		};
		3EBC82762C3EBC9400BAADC8 /* Files */ = {
			isa = PBXGroup;
			children = (
				3EBC82702C3EBC5800BAADC8 /* Info.plist */,
				3EBC826D2C3EBC5800BAADC8 /* LaunchScreen.storyboard */,
				3EBC826B2C3EBC5800BAADC8 /* Assets.xcassets */,
				3EBC82642C3EBC5600BAADC8 /* SceneDelegate.swift */,
			);
			name = Files;
			sourceTree = "<group>";
		};
		3EBC82772C3EBD4C00BAADC8 /* Controllers */ = {
			isa = PBXGroup;
			children = (
			);
			name = Controllers;
			sourceTree = "<group>";
		};
		3EBC82782C3EC0A600BAADC8 /* Views */ = {
			isa = PBXGroup;
			children = (
				3EBC82792C3EC0BE00BAADC8 /* WeatherView.swift */,
				3EBC82872C3F17ED00BAADC8 /* ForecastTableViewCell.swift */,
			);
			name = Views;
			sourceTree = "<group>";
		};
		3EBC827D2C3F14C900BAADC8 /* Constants */ = {
			isa = PBXGroup;
			children = (
				3EBC827B2C3F14C000BAADC8 /* Constants.swift */,
			);
			name = Constants;
			sourceTree = "<group>";
		};
		3EBC827E2C3F152D00BAADC8 /* Model */ = {
			isa = PBXGroup;
			children = (
				3EBC827F2C3F153C00BAADC8 /* Weather.swift */,
				3EBC82812C3F157600BAADC8 /* Forecast.swift */,
				3EBC82832C3F160100BAADC8 /* WeatherResponse.swift */,
				3EBC82852C3F16C000BAADC8 /* ForecastResponse.swift */,
			);
			name = Model;
			sourceTree = "<group>";
		};
		3EBC82892C3F22EE00BAADC8 /* API */ = {
			isa = PBXGroup;
			children = (
				3EBC828A2C3F232700BAADC8 /* WeatherService.swift */,
			);
			name = API;
			sourceTree = "<group>";
		};
		3EF963302C4063AA001A6B69 /* Utilities */ = {
			isa = PBXGroup;
			children = (
				3EF963312C406423001A6B69 /* CelsiusToFarenheit+Util.swift */,
			);
			name = Utilities;
			sourceTree = "<group>";
		};
		3EF963382C4068E5001A6B69 /* SkyCastAppTests */ = {
			isa = PBXGroup;
			children = (
				3EF963402C406A31001A6B69 /* TemperatureConversionTests.swift */,
			);
			path = SkyCastAppTests;
			sourceTree = "<group>";
		};
/* End PBXGroup section */

/* Begin PBXNativeTarget section */
		3EBC825E2C3EBC5600BAADC8 /* SkyCastApp */ = {
			isa = PBXNativeTarget;
			buildConfigurationList = 3EBC82732C3EBC5800BAADC8 /* Build configuration list for PBXNativeTarget "SkyCastApp" */;
			buildPhases = (
				3EBC825B2C3EBC5600BAADC8 /* Sources */,
				3EBC825C2C3EBC5600BAADC8 /* Frameworks */,
				3EBC825D2C3EBC5600BAADC8 /* Resources */,
			);
			buildRules = (
			);
			dependencies = (
			);
			name = SkyCastApp;
			productName = SkyCastApp;
			productReference = 3EBC825F2C3EBC5600BAADC8 /* SkyCastApp.app */;
			productType = "com.apple.product-type.application";
		};
		3EF963362C4068E5001A6B69 /* SkyCastAppTests */ = {
			isa = PBXNativeTarget;
			buildConfigurationList = 3EF9633D2C4068E5001A6B69 /* Build configuration list for PBXNativeTarget "SkyCastAppTests" */;
			buildPhases = (
				3EF963332C4068E5001A6B69 /* Sources */,
				3EF963342C4068E5001A6B69 /* Frameworks */,
				3EF963352C4068E5001A6B69 /* Resources */,
			);
			buildRules = (
			);
			dependencies = (
				3EF9633C2C4068E5001A6B69 /* PBXTargetDependency */,
			);
			name = SkyCastAppTests;
			productName = SkyCastAppTests;
			productReference = 3EF963372C4068E5001A6B69 /* SkyCastAppTests.xctest */;
			productType = "com.apple.product-type.bundle.unit-test";
		};
/* End PBXNativeTarget section */

/* Begin PBXProject section */
		3EBC82572C3EBC5600BAADC8 /* Project object */ = {
			isa = PBXProject;
			attributes = {
				BuildIndependentTargetsInParallel = 1;
				LastSwiftUpdateCheck = 1540;
				LastUpgradeCheck = 1540;
				TargetAttributes = {
					3EBC825E2C3EBC5600BAADC8 = {
						CreatedOnToolsVersion = 15.4;
					};
					3EF963362C4068E5001A6B69 = {
						CreatedOnToolsVersion = 15.4;
						TestTargetID = 3EBC825E2C3EBC5600BAADC8;
					};
				};
			};
			buildConfigurationList = 3EBC825A2C3EBC5600BAADC8 /* Build configuration list for PBXProject "SkyCastApp" */;
			compatibilityVersion = "Xcode 14.0";
			developmentRegion = en;
			hasScannedForEncodings = 0;
			knownRegions = (
				en,
				Base,
			);
			mainGroup = 3EBC82562C3EBC5600BAADC8;
			productRefGroup = 3EBC82602C3EBC5600BAADC8 /* Products */;
			projectDirPath = "";
			projectRoot = "";
			targets = (
				3EBC825E2C3EBC5600BAADC8 /* SkyCastApp */,
				3EF963362C4068E5001A6B69 /* SkyCastAppTests */,
			);
		};
/* End PBXProject section */

/* Begin PBXResourcesBuildPhase section */
		3EBC825D2C3EBC5600BAADC8 /* Resources */ = {
			isa = PBXResourcesBuildPhase;
			buildActionMask = 2147483647;
			files = (
				3EBC826C2C3EBC5800BAADC8 /* Assets.xcassets in Resources */,
				3EBC826F2C3EBC5800BAADC8 /* Base in Resources */,
			);
			runOnlyForDeploymentPostprocessing = 0;
		};
		3EF963352C4068E5001A6B69 /* Resources */ = {
			isa = PBXResourcesBuildPhase;
			buildActionMask = 2147483647;
			files = (
			);
			runOnlyForDeploymentPostprocessing = 0;
		};
/* End PBXResourcesBuildPhase section */

/* Begin PBXSourcesBuildPhase section */
		3EBC825B2C3EBC5600BAADC8 /* Sources */ = {
			isa = PBXSourcesBuildPhase;
			buildActionMask = 2147483647;
			files = (
				3EBC827C2C3F14C000BAADC8 /* Constants.swift in Sources */,
				3EBC82672C3EBC5600BAADC8 /* WeatherViewController.swift in Sources */,
				3EBC828B2C3F232700BAADC8 /* WeatherService.swift in Sources */,
				3EBC82822C3F157600BAADC8 /* Forecast.swift in Sources */,
				3EBC82632C3EBC5600BAADC8 /* AppDelegate.swift in Sources */,
				3EF963322C406423001A6B69 /* CelsiusToFarenheit+Util.swift in Sources */,
				3EBC82652C3EBC5600BAADC8 /* SceneDelegate.swift in Sources */,
				3EBC82802C3F153C00BAADC8 /* Weather.swift in Sources */,
				3EBC82882C3F17ED00BAADC8 /* ForecastTableViewCell.swift in Sources */,
				3EBC827A2C3EC0BE00BAADC8 /* WeatherView.swift in Sources */,
				3EB4B2782C3FFCCA00A40144 /* WeatherError.swift in Sources */,
				3EBC82842C3F160100BAADC8 /* WeatherResponse.swift in Sources */,
				3EBC82862C3F16C000BAADC8 /* ForecastResponse.swift in Sources */,
			);
			runOnlyForDeploymentPostprocessing = 0;
		};
		3EF963332C4068E5001A6B69 /* Sources */ = {
			isa = PBXSourcesBuildPhase;
			buildActionMask = 2147483647;
			files = (
				3EF963412C406A31001A6B69 /* TemperatureConversionTests.swift in Sources */,
			);
			runOnlyForDeploymentPostprocessing = 0;
		};
/* End PBXSourcesBuildPhase section */

/* Begin PBXTargetDependency section */
		3EF9633C2C4068E5001A6B69 /* PBXTargetDependency */ = {
			isa = PBXTargetDependency;
			target = 3EBC825E2C3EBC5600BAADC8 /* SkyCastApp */;
			targetProxy = 3EF9633B2C4068E5001A6B69 /* PBXContainerItemProxy */;
		};
/* End PBXTargetDependency section */

/* Begin PBXVariantGroup section */
		3EBC826D2C3EBC5800BAADC8 /* LaunchScreen.storyboard */ = {
			isa = PBXVariantGroup;
			children = (
				3EBC826E2C3EBC5800BAADC8 /* Base */,
			);
			name = LaunchScreen.storyboard;
			sourceTree = "<group>";
		};
/* End PBXVariantGroup section */

/* Begin XCBuildConfiguration section */
		3EBC82712C3EBC5800BAADC8 /* Debug */ = {
			isa = XCBuildConfiguration;
			buildSettings = {
				ALWAYS_SEARCH_USER_PATHS = NO;
				ASSETCATALOG_COMPILER_GENERATE_SWIFT_ASSET_SYMBOL_EXTENSIONS = YES;
				CLANG_ANALYZER_NONNULL = YES;
				CLANG_ANALYZER_NUMBER_OBJECT_CONVERSION = YES_AGGRESSIVE;
				CLANG_CXX_LANGUAGE_STANDARD = "gnu++20";
				CLANG_ENABLE_MODULES = YES;
				CLANG_ENABLE_OBJC_ARC = YES;
				CLANG_ENABLE_OBJC_WEAK = YES;
				CLANG_WARN_BLOCK_CAPTURE_AUTORELEASING = YES;
				CLANG_WARN_BOOL_CONVERSION = YES;
				CLANG_WARN_COMMA = YES;
				CLANG_WARN_CONSTANT_CONVERSION = YES;
				CLANG_WARN_DEPRECATED_OBJC_IMPLEMENTATIONS = YES;
				CLANG_WARN_DIRECT_OBJC_ISA_USAGE = YES_ERROR;
				CLANG_WARN_DOCUMENTATION_COMMENTS = YES;
				CLANG_WARN_EMPTY_BODY = YES;
				CLANG_WARN_ENUM_CONVERSION = YES;
				CLANG_WARN_INFINITE_RECURSION = YES;
				CLANG_WARN_INT_CONVERSION = YES;
				CLANG_WARN_NON_LITERAL_NULL_CONVERSION = YES;
				CLANG_WARN_OBJC_IMPLICIT_RETAIN_SELF = YES;
				CLANG_WARN_OBJC_LITERAL_CONVERSION = YES;
				CLANG_WARN_OBJC_ROOT_CLASS = YES_ERROR;
				CLANG_WARN_QUOTED_INCLUDE_IN_FRAMEWORK_HEADER = YES;
				CLANG_WARN_RANGE_LOOP_ANALYSIS = YES;
				CLANG_WARN_STRICT_PROTOTYPES = YES;
				CLANG_WARN_SUSPICIOUS_MOVE = YES;
				CLANG_WARN_UNGUARDED_AVAILABILITY = YES_AGGRESSIVE;
				CLANG_WARN_UNREACHABLE_CODE = YES;
				CLANG_WARN__DUPLICATE_METHOD_MATCH = YES;
				COPY_PHASE_STRIP = NO;
				DEBUG_INFORMATION_FORMAT = dwarf;
				ENABLE_STRICT_OBJC_MSGSEND = YES;
				ENABLE_TESTABILITY = YES;
				ENABLE_USER_SCRIPT_SANDBOXING = YES;
				GCC_C_LANGUAGE_STANDARD = gnu17;
				GCC_DYNAMIC_NO_PIC = NO;
				GCC_NO_COMMON_BLOCKS = YES;
				GCC_OPTIMIZATION_LEVEL = 0;
				GCC_PREPROCESSOR_DEFINITIONS = (
					"DEBUG=1",
					"$(inherited)",
				);
				GCC_WARN_64_TO_32_BIT_CONVERSION = YES;
				GCC_WARN_ABOUT_RETURN_TYPE = YES_ERROR;
				GCC_WARN_UNDECLARED_SELECTOR = YES;
				GCC_WARN_UNINITIALIZED_AUTOS = YES_AGGRESSIVE;
				GCC_WARN_UNUSED_FUNCTION = YES;
				GCC_WARN_UNUSED_VARIABLE = YES;
				IPHONEOS_DEPLOYMENT_TARGET = 17.5;
				LOCALIZATION_PREFERS_STRING_CATALOGS = YES;
				MTL_ENABLE_DEBUG_INFO = INCLUDE_SOURCE;
				MTL_FAST_MATH = YES;
				ONLY_ACTIVE_ARCH = YES;
				SDKROOT = iphoneos;
				SWIFT_ACTIVE_COMPILATION_CONDITIONS = "DEBUG $(inherited)";
				SWIFT_OPTIMIZATION_LEVEL = "-Onone";
			};
			name = Debug;
		};
		3EBC82722C3EBC5800BAADC8 /* Release */ = {
			isa = XCBuildConfiguration;
			buildSettings = {
				ALWAYS_SEARCH_USER_PATHS = NO;
				ASSETCATALOG_COMPILER_GENERATE_SWIFT_ASSET_SYMBOL_EXTENSIONS = YES;
				CLANG_ANALYZER_NONNULL = YES;
				CLANG_ANALYZER_NUMBER_OBJECT_CONVERSION = YES_AGGRESSIVE;
				CLANG_CXX_LANGUAGE_STANDARD = "gnu++20";
				CLANG_ENABLE_MODULES = YES;
				CLANG_ENABLE_OBJC_ARC = YES;
				CLANG_ENABLE_OBJC_WEAK = YES;
				CLANG_WARN_BLOCK_CAPTURE_AUTORELEASING = YES;
				CLANG_WARN_BOOL_CONVERSION = YES;
				CLANG_WARN_COMMA = YES;
				CLANG_WARN_CONSTANT_CONVERSION = YES;
				CLANG_WARN_DEPRECATED_OBJC_IMPLEMENTATIONS = YES;
				CLANG_WARN_DIRECT_OBJC_ISA_USAGE = YES_ERROR;
				CLANG_WARN_DOCUMENTATION_COMMENTS = YES;
				CLANG_WARN_EMPTY_BODY = YES;
				CLANG_WARN_ENUM_CONVERSION = YES;
				CLANG_WARN_INFINITE_RECURSION = YES;
				CLANG_WARN_INT_CONVERSION = YES;
				CLANG_WARN_NON_LITERAL_NULL_CONVERSION = YES;
				CLANG_WARN_OBJC_IMPLICIT_RETAIN_SELF = YES;
				CLANG_WARN_OBJC_LITERAL_CONVERSION = YES;
				CLANG_WARN_OBJC_ROOT_CLASS = YES_ERROR;
				CLANG_WARN_QUOTED_INCLUDE_IN_FRAMEWORK_HEADER = YES;
				CLANG_WARN_RANGE_LOOP_ANALYSIS = YES;
				CLANG_WARN_STRICT_PROTOTYPES = YES;
				CLANG_WARN_SUSPICIOUS_MOVE = YES;
				CLANG_WARN_UNGUARDED_AVAILABILITY = YES_AGGRESSIVE;
				CLANG_WARN_UNREACHABLE_CODE = YES;
				CLANG_WARN__DUPLICATE_METHOD_MATCH = YES;
				COPY_PHASE_STRIP = NO;
				DEBUG_INFORMATION_FORMAT = "dwarf-with-dsym";
				ENABLE_NS_ASSERTIONS = NO;
				ENABLE_STRICT_OBJC_MSGSEND = YES;
				ENABLE_USER_SCRIPT_SANDBOXING = YES;
				GCC_C_LANGUAGE_STANDARD = gnu17;
				GCC_NO_COMMON_BLOCKS = YES;
				GCC_WARN_64_TO_32_BIT_CONVERSION = YES;
				GCC_WARN_ABOUT_RETURN_TYPE = YES_ERROR;
				GCC_WARN_UNDECLARED_SELECTOR = YES;
				GCC_WARN_UNINITIALIZED_AUTOS = YES_AGGRESSIVE;
				GCC_WARN_UNUSED_FUNCTION = YES;
				GCC_WARN_UNUSED_VARIABLE = YES;
				IPHONEOS_DEPLOYMENT_TARGET = 17.5;
				LOCALIZATION_PREFERS_STRING_CATALOGS = YES;
				MTL_ENABLE_DEBUG_INFO = NO;
				MTL_FAST_MATH = YES;
				SDKROOT = iphoneos;
				SWIFT_COMPILATION_MODE = wholemodule;
				VALIDATE_PRODUCT = YES;
			};
			name = Release;
		};
		3EBC82742C3EBC5800BAADC8 /* Debug */ = {
			isa = XCBuildConfiguration;
			buildSettings = {
				ASSETCATALOG_COMPILER_APPICON_NAME = AppIcon;
				ASSETCATALOG_COMPILER_GLOBAL_ACCENT_COLOR_NAME = AccentColor;
				CODE_SIGN_STYLE = Automatic;
				CURRENT_PROJECT_VERSION = 1;
				GENERATE_INFOPLIST_FILE = YES;
				INFOPLIST_FILE = SkyCastApp/Info.plist;
				INFOPLIST_KEY_UIApplicationSupportsIndirectInputEvents = YES;
				INFOPLIST_KEY_UILaunchStoryboardName = LaunchScreen;
				INFOPLIST_KEY_UISupportedInterfaceOrientations_iPad = "UIInterfaceOrientationPortrait UIInterfaceOrientationPortraitUpsideDown UIInterfaceOrientationLandscapeLeft UIInterfaceOrientationLandscapeRight";
				INFOPLIST_KEY_UISupportedInterfaceOrientations_iPhone = "UIInterfaceOrientationPortrait UIInterfaceOrientationLandscapeLeft UIInterfaceOrientationLandscapeRight";
				LD_RUNPATH_SEARCH_PATHS = (
					"$(inherited)",
					"@executable_path/Frameworks",
				);
				MARKETING_VERSION = 1.0;
				PRODUCT_BUNDLE_IDENTIFIER = com.nicholasStamoulis.SkyCastApp;
				PRODUCT_NAME = "$(TARGET_NAME)";
				SWIFT_EMIT_LOC_STRINGS = YES;
				SWIFT_VERSION = 5.0;
				TARGETED_DEVICE_FAMILY = "1,2";
			};
			name = Debug;
		};
		3EBC82752C3EBC5800BAADC8 /* Release */ = {
			isa = XCBuildConfiguration;
			buildSettings = {
				ASSETCATALOG_COMPILER_APPICON_NAME = AppIcon;
				ASSETCATALOG_COMPILER_GLOBAL_ACCENT_COLOR_NAME = AccentColor;
				CODE_SIGN_STYLE = Automatic;
				CURRENT_PROJECT_VERSION = 1;
				GENERATE_INFOPLIST_FILE = YES;
				INFOPLIST_FILE = SkyCastApp/Info.plist;
				INFOPLIST_KEY_UIApplicationSupportsIndirectInputEvents = YES;
				INFOPLIST_KEY_UILaunchStoryboardName = LaunchScreen;
				INFOPLIST_KEY_UISupportedInterfaceOrientations_iPad = "UIInterfaceOrientationPortrait UIInterfaceOrientationPortraitUpsideDown UIInterfaceOrientationLandscapeLeft UIInterfaceOrientationLandscapeRight";
				INFOPLIST_KEY_UISupportedInterfaceOrientations_iPhone = "UIInterfaceOrientationPortrait UIInterfaceOrientationLandscapeLeft UIInterfaceOrientationLandscapeRight";
				LD_RUNPATH_SEARCH_PATHS = (
					"$(inherited)",
					"@executable_path/Frameworks",
				);
				MARKETING_VERSION = 1.0;
				PRODUCT_BUNDLE_IDENTIFIER = com.nicholasStamoulis.SkyCastApp;
				PRODUCT_NAME = "$(TARGET_NAME)";
				SWIFT_EMIT_LOC_STRINGS = YES;
				SWIFT_VERSION = 5.0;
				TARGETED_DEVICE_FAMILY = "1,2";
			};
			name = Release;
		};
		3EF9633E2C4068E5001A6B69 /* Debug */ = {
			isa = XCBuildConfiguration;
			buildSettings = {
				BUNDLE_LOADER = "$(TEST_HOST)";
				CODE_SIGN_STYLE = Automatic;
				CURRENT_PROJECT_VERSION = 1;
				GENERATE_INFOPLIST_FILE = YES;
				MARKETING_VERSION = 1.0;
				PRODUCT_BUNDLE_IDENTIFIER = com.nicholasStamoulis.SkyCastAppTests;
				PRODUCT_NAME = "$(TARGET_NAME)";
				SWIFT_EMIT_LOC_STRINGS = NO;
				SWIFT_VERSION = 5.0;
				TARGETED_DEVICE_FAMILY = "1,2";
				TEST_HOST = "$(BUILT_PRODUCTS_DIR)/SkyCastApp.app/$(BUNDLE_EXECUTABLE_FOLDER_PATH)/SkyCastApp";
			};
			name = Debug;
		};
		3EF9633F2C4068E5001A6B69 /* Release */ = {
			isa = XCBuildConfiguration;
			buildSettings = {
				BUNDLE_LOADER = "$(TEST_HOST)";
				CODE_SIGN_STYLE = Automatic;
				CURRENT_PROJECT_VERSION = 1;
				GENERATE_INFOPLIST_FILE = YES;
				MARKETING_VERSION = 1.0;
				PRODUCT_BUNDLE_IDENTIFIER = com.nicholasStamoulis.SkyCastAppTests;
				PRODUCT_NAME = "$(TARGET_NAME)";
				SWIFT_EMIT_LOC_STRINGS = NO;
				SWIFT_VERSION = 5.0;
				TARGETED_DEVICE_FAMILY = "1,2";
				TEST_HOST = "$(BUILT_PRODUCTS_DIR)/SkyCastApp.app/$(BUNDLE_EXECUTABLE_FOLDER_PATH)/SkyCastApp";
			};
			name = Release;
		};
/* End XCBuildConfiguration section */

/* Begin XCConfigurationList section */
		3EBC825A2C3EBC5600BAADC8 /* Build configuration list for PBXProject "SkyCastApp" */ = {
			isa = XCConfigurationList;
			buildConfigurations = (
				3EBC82712C3EBC5800BAADC8 /* Debug */,
				3EBC82722C3EBC5800BAADC8 /* Release */,
			);
			defaultConfigurationIsVisible = 0;
			defaultConfigurationName = Release;
		};
		3EBC82732C3EBC5800BAADC8 /* Build configuration list for PBXNativeTarget "SkyCastApp" */ = {
			isa = XCConfigurationList;
			buildConfigurations = (
				3EBC82742C3EBC5800BAADC8 /* Debug */,
				3EBC82752C3EBC5800BAADC8 /* Release */,
			);
			defaultConfigurationIsVisible = 0;
			defaultConfigurationName = Release;
		};
		3EF9633D2C4068E5001A6B69 /* Build configuration list for PBXNativeTarget "SkyCastAppTests" */ = {
			isa = XCConfigurationList;
			buildConfigurations = (
				3EF9633E2C4068E5001A6B69 /* Debug */,
				3EF9633F2C4068E5001A6B69 /* Release */,
			);
			defaultConfigurationIsVisible = 0;
			defaultConfigurationName = Release;
		};
/* End XCConfigurationList section */
	};
	rootObject = 3EBC82572C3EBC5600BAADC8 /* Project object */;
}
